
Microsoft Visual Studio Solution File, Format Version 12.00
# Visual Studio Version 17
VisualStudioVersion = 17.9.34728.123
MinimumVisualStudioVersion = 10.0.40219.1
Project("{9A19103F-16F7-4668-BE54-9A1E7A4F7556}") = "Api", "src\API\Api.csproj", "{A92571BC-A816-4F7D-B537-1365FC450394}"
EndProject
Project("{9A19103F-16F7-4668-BE54-9A1E7A4F7556}") = "Infrastructure", "src\Infrastructure\Infrastructure.csproj", "{C895802F-28A6-4B3F-A944-56931E2A3904}"
EndProject
Project("{2150E333-8FDC-42A3-9474-1A3956D46DE8}") = "src", "src", "{72002D19-1725-465D-8271-26F8793CB826}"
EndProject
Project("{FAE04EC0-301F-11D3-BF4B-00C04F79EFBC}") = "Domain", "src\Domain\Domain.csproj", "{3EC45AF0-C5DF-41D2-9895-37776ACCE863}"
EndProject
Global
	GlobalSection(SolutionConfigurationPlatforms) = preSolution
		Debug|Any CPU = Debug|Any CPU
		Release|Any CPU = Release|Any CPU
	EndGlobalSection
	GlobalSection(ProjectConfigurationPlatforms) = postSolution
		{A92571BC-A816-4F7D-B537-1365FC450394}.Debug|Any CPU.ActiveCfg = Debug|Any CPU
		{A92571BC-A816-4F7D-B537-1365FC450394}.Debug|Any CPU.Build.0 = Debug|Any CPU
		{A92571BC-A816-4F7D-B537-1365FC450394}.Release|Any CPU.ActiveCfg = Release|Any CPU
		{A92571BC-A816-4F7D-B537-1365FC450394}.Release|Any CPU.Build.0 = Release|Any CPU
		{C895802F-28A6-4B3F-A944-56931E2A3904}.Debug|Any CPU.ActiveCfg = Debug|Any CPU
		{C895802F-28A6-4B3F-A944-56931E2A3904}.Debug|Any CPU.Build.0 = Debug|Any CPU
		{C895802F-28A6-4B3F-A944-56931E2A3904}.Release|Any CPU.ActiveCfg = Release|Any CPU
		{C895802F-28A6-4B3F-A944-56931E2A3904}.Release|Any CPU.Build.0 = Release|Any CPU
		{3EC45AF0-C5DF-41D2-9895-37776ACCE863}.Debug|Any CPU.ActiveCfg = Debug|Any CPU
		{3EC45AF0-C5DF-41D2-9895-37776ACCE863}.Debug|Any CPU.Build.0 = Debug|Any CPU
		{3EC45AF0-C5DF-41D2-9895-37776ACCE863}.Release|Any CPU.ActiveCfg = Release|Any CPU
		{3EC45AF0-C5DF-41D2-9895-37776ACCE863}.Release|Any CPU.Build.0 = Release|Any CPU
	EndGlobalSection
	GlobalSection(SolutionProperties) = preSolution
		HideSolutionNode = FALSE
	EndGlobalSection
	GlobalSection(NestedProjects) = preSolution
		{A92571BC-A816-4F7D-B537-1365FC450394} = {72002D19-1725-465D-8271-26F8793CB826}
		{C895802F-28A6-4B3F-A944-56931E2A3904} = {72002D19-1725-465D-8271-26F8793CB826}
		{3EC45AF0-C5DF-41D2-9895-37776ACCE863} = {72002D19-1725-465D-8271-26F8793CB826}
	EndGlobalSection
	GlobalSection(ExtensibilityGlobals) = postSolution
		SolutionGuid = {847D8D89-18E0-450E-ABD8-DBEFCCCCE069}
	EndGlobalSection
EndGlobal
